
Microsoft Visual Studio Solution File, Format Version 12.00
# Visual Studio Express 14 for Windows Desktop
VisualStudioVersion = 14.0.25123.0
MinimumVisualStudioVersion = 10.0.40219.1
Project("{FAE04EC0-301F-11D3-BF4B-00C04F79EFBC}") = "RDLViewer", "RDLViewer\RDLViewer.csproj", "{7F49F578-C0C8-4B9F-84B1-8C78B320D259}"
EndProject
Global
	GlobalSection(SolutionConfigurationPlatforms) = preSolution
		Debug|x86 = Debug|x86
		Release|x86 = Release|x86
	EndGlobalSection
	GlobalSection(ProjectConfigurationPlatforms) = postSolution
		{7F49F578-C0C8-4B9F-84B1-8C78B320D259}.Debug|x86.ActiveCfg = Debug|x86
		{7F49F578-C0C8-4B9F-84B1-8C78B320D259}.Debug|x86.Build.0 = Debug|x86
		{7F49F578-C0C8-4B9F-84B1-8C78B320D259}.Release|x86.ActiveCfg = Release|x86
		{7F49F578-C0C8-4B9F-84B1-8C78B320D259}.Release|x86.Build.0 = Release|x86
	EndGlobalSection
	GlobalSection(SolutionProperties) = preSolution
		HideSolutionNode = FALSE
	EndGlobalSection
EndGlobal
